// !$*UTF8*$!
{
	archiveVersion = 1;
	classes = {
	};
	objectVersion = 50;
	objects = {

/* Begin PBXBuildFile section */
		BBAA09AE235CA9DA00ED4DC9 /* AppDelegate.swift in Sources */ = {isa = PBXBuildFile; fileRef = BBAA09AD235CA9DA00ED4DC9 /* AppDelegate.swift */; };
		BBAA09B0235CA9DA00ED4DC9 /* SceneDelegate.swift in Sources */ = {isa = PBXBuildFile; fileRef = BBAA09AF235CA9DA00ED4DC9 /* SceneDelegate.swift */; };
		BBAA09B2235CA9DA00ED4DC9 /* RootViewController.swift in Sources */ = {isa = PBXBuildFile; fileRef = BBAA09B1235CA9DA00ED4DC9 /* RootViewController.swift */; };
		BBAA09B5235CA9DA00ED4DC9 /* Main.storyboard in Resources */ = {isa = PBXBuildFile; fileRef = BBAA09B3235CA9DA00ED4DC9 /* Main.storyboard */; };
		BBAA09B7235CA9DC00ED4DC9 /* Assets.xcassets in Resources */ = {isa = PBXBuildFile; fileRef = BBAA09B6235CA9DC00ED4DC9 /* Assets.xcassets */; };
		BBAA09BA235CA9DC00ED4DC9 /* LaunchScreen.storyboard in Resources */ = {isa = PBXBuildFile; fileRef = BBAA09B8235CA9DC00ED4DC9 /* LaunchScreen.storyboard */; };
		BBAA09D0235CA9DD00ED4DC9 /* LayoutUIAppStoreUITests.swift in Sources */ = {isa = PBXBuildFile; fileRef = BBAA09CF235CA9DD00ED4DC9 /* LayoutUIAppStoreUITests.swift */; };
		BBAA09DE235D505000ED4DC9 /* BundleExtension.swift in Sources */ = {isa = PBXBuildFile; fileRef = BBAA09DD235D505000ED4DC9 /* BundleExtension.swift */; };
		BBAA09E0235D526500ED4DC9 /* BundleExtensionTests.swift in Sources */ = {isa = PBXBuildFile; fileRef = BBAA09DF235D526500ED4DC9 /* BundleExtensionTests.swift */; };
		BBAA09E2235D52D500ED4DC9 /* ViewControllerTests.swift in Sources */ = {isa = PBXBuildFile; fileRef = BBAA09E1235D52D500ED4DC9 /* ViewControllerTests.swift */; };
		BBAA09E4235D53CE00ED4DC9 /* Section.swift in Sources */ = {isa = PBXBuildFile; fileRef = BBAA09E3235D53CE00ED4DC9 /* Section.swift */; };
		BBAA09E6235D540B00ED4DC9 /* App.swift in Sources */ = {isa = PBXBuildFile; fileRef = BBAA09E5235D540B00ED4DC9 /* App.swift */; };
/* End PBXBuildFile section */

/* Begin PBXContainerItemProxy section */
		BBAA09C1235CA9DD00ED4DC9 /* PBXContainerItemProxy */ = {
			isa = PBXContainerItemProxy;
			containerPortal = BBAA09A2235CA9DA00ED4DC9 /* Project object */;
			proxyType = 1;
			remoteGlobalIDString = BBAA09A9235CA9DA00ED4DC9;
			remoteInfo = LayoutUIAppStore;
		};
		BBAA09CC235CA9DD00ED4DC9 /* PBXContainerItemProxy */ = {
			isa = PBXContainerItemProxy;
			containerPortal = BBAA09A2235CA9DA00ED4DC9 /* Project object */;
			proxyType = 1;
			remoteGlobalIDString = BBAA09A9235CA9DA00ED4DC9;
			remoteInfo = LayoutUIAppStore;
		};
/* End PBXContainerItemProxy section */

/* Begin PBXFileReference section */
		BBAA09AA235CA9DA00ED4DC9 /* LayoutUIAppStore.app */ = {isa = PBXFileReference; explicitFileType = wrapper.application; includeInIndex = 0; path = LayoutUIAppStore.app; sourceTree = BUILT_PRODUCTS_DIR; };
		BBAA09AD235CA9DA00ED4DC9 /* AppDelegate.swift */ = {isa = PBXFileReference; lastKnownFileType = sourcecode.swift; path = AppDelegate.swift; sourceTree = "<group>"; };
		BBAA09AF235CA9DA00ED4DC9 /* SceneDelegate.swift */ = {isa = PBXFileReference; lastKnownFileType = sourcecode.swift; path = SceneDelegate.swift; sourceTree = "<group>"; };
		BBAA09B1235CA9DA00ED4DC9 /* RootViewController.swift */ = {isa = PBXFileReference; lastKnownFileType = sourcecode.swift; path = RootViewController.swift; sourceTree = "<group>"; };
		BBAA09B4235CA9DA00ED4DC9 /* Base */ = {isa = PBXFileReference; lastKnownFileType = file.storyboard; name = Base; path = Base.lproj/Main.storyboard; sourceTree = "<group>"; };
		BBAA09B6235CA9DC00ED4DC9 /* Assets.xcassets */ = {isa = PBXFileReference; lastKnownFileType = folder.assetcatalog; path = Assets.xcassets; sourceTree = "<group>"; };
		BBAA09B9235CA9DC00ED4DC9 /* Base */ = {isa = PBXFileReference; lastKnownFileType = file.storyboard; name = Base; path = Base.lproj/LaunchScreen.storyboard; sourceTree = "<group>"; };
		BBAA09BB235CA9DC00ED4DC9 /* Info.plist */ = {isa = PBXFileReference; lastKnownFileType = text.plist.xml; path = Info.plist; sourceTree = "<group>"; };
		BBAA09C0235CA9DD00ED4DC9 /* LayoutUIAppStoreTests.xctest */ = {isa = PBXFileReference; explicitFileType = wrapper.cfbundle; includeInIndex = 0; path = LayoutUIAppStoreTests.xctest; sourceTree = BUILT_PRODUCTS_DIR; };
		BBAA09C6235CA9DD00ED4DC9 /* Info.plist */ = {isa = PBXFileReference; lastKnownFileType = text.plist.xml; path = Info.plist; sourceTree = "<group>"; };
		BBAA09CB235CA9DD00ED4DC9 /* LayoutUIAppStoreUITests.xctest */ = {isa = PBXFileReference; explicitFileType = wrapper.cfbundle; includeInIndex = 0; path = LayoutUIAppStoreUITests.xctest; sourceTree = BUILT_PRODUCTS_DIR; };
		BBAA09CF235CA9DD00ED4DC9 /* LayoutUIAppStoreUITests.swift */ = {isa = PBXFileReference; lastKnownFileType = sourcecode.swift; path = LayoutUIAppStoreUITests.swift; sourceTree = "<group>"; };
		BBAA09D1235CA9DD00ED4DC9 /* Info.plist */ = {isa = PBXFileReference; lastKnownFileType = text.plist.xml; path = Info.plist; sourceTree = "<group>"; };
		BBAA09DD235D505000ED4DC9 /* BundleExtension.swift */ = {isa = PBXFileReference; lastKnownFileType = sourcecode.swift; path = BundleExtension.swift; sourceTree = "<group>"; };
		BBAA09DF235D526500ED4DC9 /* BundleExtensionTests.swift */ = {isa = PBXFileReference; fileEncoding = 4; lastKnownFileType = sourcecode.swift; path = BundleExtensionTests.swift; sourceTree = "<group>"; };
		BBAA09E1235D52D500ED4DC9 /* ViewControllerTests.swift */ = {isa = PBXFileReference; lastKnownFileType = sourcecode.swift; path = ViewControllerTests.swift; sourceTree = "<group>"; };
		BBAA09E3235D53CE00ED4DC9 /* Section.swift */ = {isa = PBXFileReference; lastKnownFileType = sourcecode.swift; path = Section.swift; sourceTree = "<group>"; };
		BBAA09E5235D540B00ED4DC9 /* App.swift */ = {isa = PBXFileReference; lastKnownFileType = sourcecode.swift; path = App.swift; sourceTree = "<group>"; };
/* End PBXFileReference section */

/* Begin PBXFrameworksBuildPhase section */
		BBAA09A7235CA9DA00ED4DC9 /* Frameworks */ = {
			isa = PBXFrameworksBuildPhase;
			buildActionMask = 2147483647;
			files = (
			);
			runOnlyForDeploymentPostprocessing = 0;
		};
		BBAA09BD235CA9DD00ED4DC9 /* Frameworks */ = {
			isa = PBXFrameworksBuildPhase;
			buildActionMask = 2147483647;
			files = (
			);
			runOnlyForDeploymentPostprocessing = 0;
		};
		BBAA09C8235CA9DD00ED4DC9 /* Frameworks */ = {
			isa = PBXFrameworksBuildPhase;
			buildActionMask = 2147483647;
			files = (
			);
			runOnlyForDeploymentPostprocessing = 0;
		};
/* End PBXFrameworksBuildPhase section */

/* Begin PBXGroup section */
		BBAA09A1235CA9DA00ED4DC9 = {
			isa = PBXGroup;
			children = (
				BBAA09AC235CA9DA00ED4DC9 /* LayoutUIAppStore */,
				BBAA09C3235CA9DD00ED4DC9 /* LayoutUIAppStoreTests */,
				BBAA09CE235CA9DD00ED4DC9 /* LayoutUIAppStoreUITests */,
				BBAA09AB235CA9DA00ED4DC9 /* Products */,
			);
			sourceTree = "<group>";
		};
		BBAA09AB235CA9DA00ED4DC9 /* Products */ = {
			isa = PBXGroup;
			children = (
				BBAA09AA235CA9DA00ED4DC9 /* LayoutUIAppStore.app */,
				BBAA09C0235CA9DD00ED4DC9 /* LayoutUIAppStoreTests.xctest */,
				BBAA09CB235CA9DD00ED4DC9 /* LayoutUIAppStoreUITests.xctest */,
			);
			name = Products;
			sourceTree = "<group>";
		};
		BBAA09AC235CA9DA00ED4DC9 /* LayoutUIAppStore */ = {
			isa = PBXGroup;
			children = (
				BBAA09AD235CA9DA00ED4DC9 /* AppDelegate.swift */,
				BBAA09AF235CA9DA00ED4DC9 /* SceneDelegate.swift */,
				BBAA09B1235CA9DA00ED4DC9 /* RootViewController.swift */,
				BBAA09DD235D505000ED4DC9 /* BundleExtension.swift */,
				BBAA09E7235D541A00ED4DC9 /* Model */,
				BBAA09B3235CA9DA00ED4DC9 /* Main.storyboard */,
				BBAA09B6235CA9DC00ED4DC9 /* Assets.xcassets */,
				BBAA09B8235CA9DC00ED4DC9 /* LaunchScreen.storyboard */,
				BBAA09BB235CA9DC00ED4DC9 /* Info.plist */,
			);
			path = LayoutUIAppStore;
			sourceTree = "<group>";
		};
		BBAA09C3235CA9DD00ED4DC9 /* LayoutUIAppStoreTests */ = {
			isa = PBXGroup;
			children = (
				BBAA09C6235CA9DD00ED4DC9 /* Info.plist */,
				BBAA09DF235D526500ED4DC9 /* BundleExtensionTests.swift */,
				BBAA09E1235D52D500ED4DC9 /* ViewControllerTests.swift */,
			);
			path = LayoutUIAppStoreTests;
			sourceTree = "<group>";
		};
		BBAA09CE235CA9DD00ED4DC9 /* LayoutUIAppStoreUITests */ = {
			isa = PBXGroup;
			children = (
				BBAA09CF235CA9DD00ED4DC9 /* LayoutUIAppStoreUITests.swift */,
				BBAA09D1235CA9DD00ED4DC9 /* Info.plist */,
			);
			path = LayoutUIAppStoreUITests;
			sourceTree = "<group>";
		};
		BBAA09E7235D541A00ED4DC9 /* Model */ = {
			isa = PBXGroup;
			children = (
				BBAA09E3235D53CE00ED4DC9 /* Section.swift */,
				BBAA09E5235D540B00ED4DC9 /* App.swift */,
			);
			path = Model;
			sourceTree = "<group>";
		};
/* End PBXGroup section */

/* Begin PBXNativeTarget section */
		BBAA09A9235CA9DA00ED4DC9 /* LayoutUIAppStore */ = {
			isa = PBXNativeTarget;
			buildConfigurationList = BBAA09D4235CA9DD00ED4DC9 /* Build configuration list for PBXNativeTarget "LayoutUIAppStore" */;
			buildPhases = (
				BBAA09A6235CA9DA00ED4DC9 /* Sources */,
				BBAA09A7235CA9DA00ED4DC9 /* Frameworks */,
				BBAA09A8235CA9DA00ED4DC9 /* Resources */,
			);
			buildRules = (
			);
			dependencies = (
			);
			name = LayoutUIAppStore;
			productName = LayoutUIAppStore;
			productReference = BBAA09AA235CA9DA00ED4DC9 /* LayoutUIAppStore.app */;
			productType = "com.apple.product-type.application";
		};
		BBAA09BF235CA9DD00ED4DC9 /* LayoutUIAppStoreTests */ = {
			isa = PBXNativeTarget;
			buildConfigurationList = BBAA09D7235CA9DD00ED4DC9 /* Build configuration list for PBXNativeTarget "LayoutUIAppStoreTests" */;
			buildPhases = (
				BBAA09BC235CA9DD00ED4DC9 /* Sources */,
				BBAA09BD235CA9DD00ED4DC9 /* Frameworks */,
				BBAA09BE235CA9DD00ED4DC9 /* Resources */,
			);
			buildRules = (
			);
			dependencies = (
				BBAA09C2235CA9DD00ED4DC9 /* PBXTargetDependency */,
			);
			name = LayoutUIAppStoreTests;
			productName = LayoutUIAppStoreTests;
			productReference = BBAA09C0235CA9DD00ED4DC9 /* LayoutUIAppStoreTests.xctest */;
			productType = "com.apple.product-type.bundle.unit-test";
		};
		BBAA09CA235CA9DD00ED4DC9 /* LayoutUIAppStoreUITests */ = {
			isa = PBXNativeTarget;
			buildConfigurationList = BBAA09DA235CA9DD00ED4DC9 /* Build configuration list for PBXNativeTarget "LayoutUIAppStoreUITests" */;
			buildPhases = (
				BBAA09C7235CA9DD00ED4DC9 /* Sources */,
				BBAA09C8235CA9DD00ED4DC9 /* Frameworks */,
				BBAA09C9235CA9DD00ED4DC9 /* Resources */,
			);
			buildRules = (
			);
			dependencies = (
				BBAA09CD235CA9DD00ED4DC9 /* PBXTargetDependency */,
			);
			name = LayoutUIAppStoreUITests;
			productName = LayoutUIAppStoreUITests;
			productReference = BBAA09CB235CA9DD00ED4DC9 /* LayoutUIAppStoreUITests.xctest */;
			productType = "com.apple.product-type.bundle.ui-testing";
		};
/* End PBXNativeTarget section */

/* Begin PBXProject section */
		BBAA09A2235CA9DA00ED4DC9 /* Project object */ = {
			isa = PBXProject;
			attributes = {
				LastSwiftUpdateCheck = 1100;
				LastUpgradeCheck = 1100;
				ORGANIZATIONNAME = "siroratt suntronsuk";
				TargetAttributes = {
					BBAA09A9235CA9DA00ED4DC9 = {
						CreatedOnToolsVersion = 11.0;
					};
					BBAA09BF235CA9DD00ED4DC9 = {
						CreatedOnToolsVersion = 11.0;
						LastSwiftMigration = 1100;
						TestTargetID = BBAA09A9235CA9DA00ED4DC9;
					};
					BBAA09CA235CA9DD00ED4DC9 = {
						CreatedOnToolsVersion = 11.0;
						TestTargetID = BBAA09A9235CA9DA00ED4DC9;
					};
				};
			};
			buildConfigurationList = BBAA09A5235CA9DA00ED4DC9 /* Build configuration list for PBXProject "LayoutUIAppStore" */;
			compatibilityVersion = "Xcode 9.3";
			developmentRegion = en;
			hasScannedForEncodings = 0;
			knownRegions = (
				en,
				Base,
			);
			mainGroup = BBAA09A1235CA9DA00ED4DC9;
			productRefGroup = BBAA09AB235CA9DA00ED4DC9 /* Products */;
			projectDirPath = "";
			projectRoot = "";
			targets = (
				BBAA09A9235CA9DA00ED4DC9 /* LayoutUIAppStore */,
				BBAA09BF235CA9DD00ED4DC9 /* LayoutUIAppStoreTests */,
				BBAA09CA235CA9DD00ED4DC9 /* LayoutUIAppStoreUITests */,
			);
		};
/* End PBXProject section */

/* Begin PBXResourcesBuildPhase section */
		BBAA09A8235CA9DA00ED4DC9 /* Resources */ = {
			isa = PBXResourcesBuildPhase;
			buildActionMask = 2147483647;
			files = (
				BBAA09BA235CA9DC00ED4DC9 /* LaunchScreen.storyboard in Resources */,
				BBAA09B7235CA9DC00ED4DC9 /* Assets.xcassets in Resources */,
				BBAA09B5235CA9DA00ED4DC9 /* Main.storyboard in Resources */,
			);
			runOnlyForDeploymentPostprocessing = 0;
		};
		BBAA09BE235CA9DD00ED4DC9 /* Resources */ = {
			isa = PBXResourcesBuildPhase;
			buildActionMask = 2147483647;
			files = (
			);
			runOnlyForDeploymentPostprocessing = 0;
		};
		BBAA09C9235CA9DD00ED4DC9 /* Resources */ = {
			isa = PBXResourcesBuildPhase;
			buildActionMask = 2147483647;
			files = (
			);
			runOnlyForDeploymentPostprocessing = 0;
		};
/* End PBXResourcesBuildPhase section */

/* Begin PBXSourcesBuildPhase section */
		BBAA09A6235CA9DA00ED4DC9 /* Sources */ = {
			isa = PBXSourcesBuildPhase;
			buildActionMask = 2147483647;
			files = (
				BBAA09E4235D53CE00ED4DC9 /* Section.swift in Sources */,
				BBAA09B2235CA9DA00ED4DC9 /* RootViewController.swift in Sources */,
				BBAA09AE235CA9DA00ED4DC9 /* AppDelegate.swift in Sources */,
				BBAA09E6235D540B00ED4DC9 /* App.swift in Sources */,
				BBAA09B0235CA9DA00ED4DC9 /* SceneDelegate.swift in Sources */,
				BBAA09DE235D505000ED4DC9 /* BundleExtension.swift in Sources */,
			);
			runOnlyForDeploymentPostprocessing = 0;
		};
		BBAA09BC235CA9DD00ED4DC9 /* Sources */ = {
			isa = PBXSourcesBuildPhase;
			buildActionMask = 2147483647;
			files = (
				BBAA09E2235D52D500ED4DC9 /* ViewControllerTests.swift in Sources */,
				BBAA09E0235D526500ED4DC9 /* BundleExtensionTests.swift in Sources */,
			);
			runOnlyForDeploymentPostprocessing = 0;
		};
		BBAA09C7235CA9DD00ED4DC9 /* Sources */ = {
			isa = PBXSourcesBuildPhase;
			buildActionMask = 2147483647;
			files = (
				BBAA09D0235CA9DD00ED4DC9 /* LayoutUIAppStoreUITests.swift in Sources */,
			);
			runOnlyForDeploymentPostprocessing = 0;
		};
/* End PBXSourcesBuildPhase section */

/* Begin PBXTargetDependency section */
		BBAA09C2235CA9DD00ED4DC9 /* PBXTargetDependency */ = {
			isa = PBXTargetDependency;
			target = BBAA09A9235CA9DA00ED4DC9 /* LayoutUIAppStore */;
			targetProxy = BBAA09C1235CA9DD00ED4DC9 /* PBXContainerItemProxy */;
		};
		BBAA09CD235CA9DD00ED4DC9 /* PBXTargetDependency */ = {
			isa = PBXTargetDependency;
			target = BBAA09A9235CA9DA00ED4DC9 /* LayoutUIAppStore */;
			targetProxy = BBAA09CC235CA9DD00ED4DC9 /* PBXContainerItemProxy */;
		};
/* End PBXTargetDependency section */

/* Begin PBXVariantGroup section */
		BBAA09B3235CA9DA00ED4DC9 /* Main.storyboard */ = {
			isa = PBXVariantGroup;
			children = (
				BBAA09B4235CA9DA00ED4DC9 /* Base */,
			);
			name = Main.storyboard;
			sourceTree = "<group>";
		};
		BBAA09B8235CA9DC00ED4DC9 /* LaunchScreen.storyboard */ = {
			isa = PBXVariantGroup;
			children = (
				BBAA09B9235CA9DC00ED4DC9 /* Base */,
			);
			name = LaunchScreen.storyboard;
			sourceTree = "<group>";
		};
/* End PBXVariantGroup section */

/* Begin XCBuildConfiguration section */
		BBAA09D2235CA9DD00ED4DC9 /* Debug */ = {
			isa = XCBuildConfiguration;
			buildSettings = {
				ALWAYS_SEARCH_USER_PATHS = NO;
				CLANG_ANALYZER_NONNULL = YES;
				CLANG_ANALYZER_NUMBER_OBJECT_CONVERSION = YES_AGGRESSIVE;
				CLANG_CXX_LANGUAGE_STANDARD = "gnu++14";
				CLANG_CXX_LIBRARY = "libc++";
				CLANG_ENABLE_MODULES = YES;
				CLANG_ENABLE_OBJC_ARC = YES;
				CLANG_ENABLE_OBJC_WEAK = YES;
				CLANG_WARN_BLOCK_CAPTURE_AUTORELEASING = YES;
				CLANG_WARN_BOOL_CONVERSION = YES;
				CLANG_WARN_COMMA = YES;
				CLANG_WARN_CONSTANT_CONVERSION = YES;
				CLANG_WARN_DEPRECATED_OBJC_IMPLEMENTATIONS = YES;
				CLANG_WARN_DIRECT_OBJC_ISA_USAGE = YES_ERROR;
				CLANG_WARN_DOCUMENTATION_COMMENTS = YES;
				CLANG_WARN_EMPTY_BODY = YES;
				CLANG_WARN_ENUM_CONVERSION = YES;
				CLANG_WARN_INFINITE_RECURSION = YES;
				CLANG_WARN_INT_CONVERSION = YES;
				CLANG_WARN_NON_LITERAL_NULL_CONVERSION = YES;
				CLANG_WARN_OBJC_IMPLICIT_RETAIN_SELF = YES;
				CLANG_WARN_OBJC_LITERAL_CONVERSION = YES;
				CLANG_WARN_OBJC_ROOT_CLASS = YES_ERROR;
				CLANG_WARN_RANGE_LOOP_ANALYSIS = YES;
				CLANG_WARN_STRICT_PROTOTYPES = YES;
				CLANG_WARN_SUSPICIOUS_MOVE = YES;
				CLANG_WARN_UNGUARDED_AVAILABILITY = YES_AGGRESSIVE;
				CLANG_WARN_UNREACHABLE_CODE = YES;
				CLANG_WARN__DUPLICATE_METHOD_MATCH = YES;
				COPY_PHASE_STRIP = NO;
				DEBUG_INFORMATION_FORMAT = dwarf;
				ENABLE_STRICT_OBJC_MSGSEND = YES;
				ENABLE_TESTABILITY = YES;
				GCC_C_LANGUAGE_STANDARD = gnu11;
				GCC_DYNAMIC_NO_PIC = NO;
				GCC_NO_COMMON_BLOCKS = YES;
				GCC_OPTIMIZATION_LEVEL = 0;
				GCC_PREPROCESSOR_DEFINITIONS = (
					"DEBUG=1",
					"$(inherited)",
				);
				GCC_WARN_64_TO_32_BIT_CONVERSION = YES;
				GCC_WARN_ABOUT_RETURN_TYPE = YES_ERROR;
				GCC_WARN_UNDECLARED_SELECTOR = YES;
				GCC_WARN_UNINITIALIZED_AUTOS = YES_AGGRESSIVE;
				GCC_WARN_UNUSED_FUNCTION = YES;
				GCC_WARN_UNUSED_VARIABLE = YES;
				IPHONEOS_DEPLOYMENT_TARGET = 13.0;
				MTL_ENABLE_DEBUG_INFO = INCLUDE_SOURCE;
				MTL_FAST_MATH = YES;
				ONLY_ACTIVE_ARCH = YES;
				SDKROOT = iphoneos;
				SWIFT_ACTIVE_COMPILATION_CONDITIONS = DEBUG;
				SWIFT_OPTIMIZATION_LEVEL = "-Onone";
			};
			name = Debug;
		};
		BBAA09D3235CA9DD00ED4DC9 /* Release */ = {
			isa = XCBuildConfiguration;
			buildSettings = {
				ALWAYS_SEARCH_USER_PATHS = NO;
				CLANG_ANALYZER_NONNULL = YES;
				CLANG_ANALYZER_NUMBER_OBJECT_CONVERSION = YES_AGGRESSIVE;
				CLANG_CXX_LANGUAGE_STANDARD = "gnu++14";
				CLANG_CXX_LIBRARY = "libc++";
				CLANG_ENABLE_MODULES = YES;
				CLANG_ENABLE_OBJC_ARC = YES;
				CLANG_ENABLE_OBJC_WEAK = YES;
				CLANG_WARN_BLOCK_CAPTURE_AUTORELEASING = YES;
				CLANG_WARN_BOOL_CONVERSION = YES;
				CLANG_WARN_COMMA = YES;
				CLANG_WARN_CONSTANT_CONVERSION = YES;
				CLANG_WARN_DEPRECATED_OBJC_IMPLEMENTATIONS = YES;
				CLANG_WARN_DIRECT_OBJC_ISA_USAGE = YES_ERROR;
				CLANG_WARN_DOCUMENTATION_COMMENTS = YES;
				CLANG_WARN_EMPTY_BODY = YES;
				CLANG_WARN_ENUM_CONVERSION = YES;
				CLANG_WARN_INFINITE_RECURSION = YES;
				CLANG_WARN_INT_CONVERSION = YES;
				CLANG_WARN_NON_LITERAL_NULL_CONVERSION = YES;
				CLANG_WARN_OBJC_IMPLICIT_RETAIN_SELF = YES;
				CLANG_WARN_OBJC_LITERAL_CONVERSION = YES;
				CLANG_WARN_OBJC_ROOT_CLASS = YES_ERROR;
				CLANG_WARN_RANGE_LOOP_ANALYSIS = YES;
				CLANG_WARN_STRICT_PROTOTYPES = YES;
				CLANG_WARN_SUSPICIOUS_MOVE = YES;
				CLANG_WARN_UNGUARDED_AVAILABILITY = YES_AGGRESSIVE;
				CLANG_WARN_UNREACHABLE_CODE = YES;
				CLANG_WARN__DUPLICATE_METHOD_MATCH = YES;
				COPY_PHASE_STRIP = NO;
				DEBUG_INFORMATION_FORMAT = "dwarf-with-dsym";
				ENABLE_NS_ASSERTIONS = NO;
				ENABLE_STRICT_OBJC_MSGSEND = YES;
				GCC_C_LANGUAGE_STANDARD = gnu11;
				GCC_NO_COMMON_BLOCKS = YES;
				GCC_WARN_64_TO_32_BIT_CONVERSION = YES;
				GCC_WARN_ABOUT_RETURN_TYPE = YES_ERROR;
				GCC_WARN_UNDECLARED_SELECTOR = YES;
				GCC_WARN_UNINITIALIZED_AUTOS = YES_AGGRESSIVE;
				GCC_WARN_UNUSED_FUNCTION = YES;
				GCC_WARN_UNUSED_VARIABLE = YES;
				IPHONEOS_DEPLOYMENT_TARGET = 13.0;
				MTL_ENABLE_DEBUG_INFO = NO;
				MTL_FAST_MATH = YES;
				SDKROOT = iphoneos;
				SWIFT_COMPILATION_MODE = wholemodule;
				SWIFT_OPTIMIZATION_LEVEL = "-O";
				VALIDATE_PRODUCT = YES;
			};
			name = Release;
		};
		BBAA09D5235CA9DD00ED4DC9 /* Debug */ = {
			isa = XCBuildConfiguration;
			buildSettings = {
				ASSETCATALOG_COMPILER_APPICON_NAME = AppIcon;
				CODE_SIGN_STYLE = Automatic;
				DEVELOPMENT_TEAM = K9N3ERF77J;
				INFOPLIST_FILE = LayoutUIAppStore/Info.plist;
				LD_RUNPATH_SEARCH_PATHS = (
					"$(inherited)",
					"@executable_path/Frameworks",
				);
				PRODUCT_BUNDLE_IDENTIFIER = "Ann-ja-works.LayoutUIAppStore";
				PRODUCT_NAME = "$(TARGET_NAME)";
				SWIFT_VERSION = 5.0;
				TARGETED_DEVICE_FAMILY = "1,2";
			};
			name = Debug;
		};
		BBAA09D6235CA9DD00ED4DC9 /* Release */ = {
			isa = XCBuildConfiguration;
			buildSettings = {
				ASSETCATALOG_COMPILER_APPICON_NAME = AppIcon;
				CODE_SIGN_STYLE = Automatic;
				DEVELOPMENT_TEAM = K9N3ERF77J;
				INFOPLIST_FILE = LayoutUIAppStore/Info.plist;
				LD_RUNPATH_SEARCH_PATHS = (
					"$(inherited)",
					"@executable_path/Frameworks",
				);
				PRODUCT_BUNDLE_IDENTIFIER = "Ann-ja-works.LayoutUIAppStore";
				PRODUCT_NAME = "$(TARGET_NAME)";
				SWIFT_VERSION = 5.0;
				TARGETED_DEVICE_FAMILY = "1,2";
			};
			name = Release;
		};
		BBAA09D8235CA9DD00ED4DC9 /* Debug */ = {
			isa = XCBuildConfiguration;
			buildSettings = {
				ALWAYS_EMBED_SWIFT_STANDARD_LIBRARIES = YES;
				BUNDLE_LOADER = "$(TEST_HOST)";
				CLANG_ENABLE_MODULES = YES;
				CODE_SIGN_STYLE = Automatic;
				DEVELOPMENT_TEAM = K9N3ERF77J;
				INFOPLIST_FILE = LayoutUIAppStoreTests/Info.plist;
				IPHONEOS_DEPLOYMENT_TARGET = 13.0;
				LD_RUNPATH_SEARCH_PATHS = (
					"$(inherited)",
					"@executable_path/Frameworks",
					"@loader_path/Frameworks",
				);
				PRODUCT_BUNDLE_IDENTIFIER = "Ann-ja-works.LayoutUIAppStoreTests";
				PRODUCT_NAME = "$(TARGET_NAME)";
				SWIFT_OPTIMIZATION_LEVEL = "-Onone";
				SWIFT_VERSION = 5.0;
				TARGETED_DEVICE_FAMILY = "1,2";
				TEST_HOST = "$(BUILT_PRODUCTS_DIR)/LayoutUIAppStore.app/LayoutUIAppStore";
			};
			name = Debug;
		};
		BBAA09D9235CA9DD00ED4DC9 /* Release */ = {
			isa = XCBuildConfiguration;
			buildSettings = {
				ALWAYS_EMBED_SWIFT_STANDARD_LIBRARIES = YES;
				BUNDLE_LOADER = "$(TEST_HOST)";
				CLANG_ENABLE_MODULES = YES;
				CODE_SIGN_STYLE = Automatic;
				DEVELOPMENT_TEAM = K9N3ERF77J;
				INFOPLIST_FILE = LayoutUIAppStoreTests/Info.plist;
				IPHONEOS_DEPLOYMENT_TARGET = 13.0;
				LD_RUNPATH_SEARCH_PATHS = (
					"$(inherited)",
					"@executable_path/Frameworks",
					"@loader_path/Frameworks",
				);
				PRODUCT_BUNDLE_IDENTIFIER = "Ann-ja-works.LayoutUIAppStoreTests";
				PRODUCT_NAME = "$(TARGET_NAME)";
				SWIFT_VERSION = 5.0;
				TARGETED_DEVICE_FAMILY = "1,2";
				TEST_HOST = "$(BUILT_PRODUCTS_DIR)/LayoutUIAppStore.app/LayoutUIAppStore";
			};
			name = Release;
		};
		BBAA09DB235CA9DD00ED4DC9 /* Debug */ = {
			isa = XCBuildConfiguration;
			buildSettings = {
				ALWAYS_EMBED_SWIFT_STANDARD_LIBRARIES = YES;
				CODE_SIGN_STYLE = Automatic;
				DEVELOPMENT_TEAM = K9N3ERF77J;
				INFOPLIST_FILE = LayoutUIAppStoreUITests/Info.plist;
				LD_RUNPATH_SEARCH_PATHS = (
					"$(inherited)",
					"@executable_path/Frameworks",
					"@loader_path/Frameworks",
				);
				PRODUCT_BUNDLE_IDENTIFIER = "Ann-ja-works.LayoutUIAppStoreUITests";
				PRODUCT_NAME = "$(TARGET_NAME)";
				SWIFT_VERSION = 5.0;
				TARGETED_DEVICE_FAMILY = "1,2";
				TEST_TARGET_NAME = LayoutUIAppStore;
			};
			name = Debug;
		};
		BBAA09DC235CA9DD00ED4DC9 /* Release */ = {
			isa = XCBuildConfiguration;
			buildSettings = {
				ALWAYS_EMBED_SWIFT_STANDARD_LIBRARIES = YES;
				CODE_SIGN_STYLE = Automatic;
				DEVELOPMENT_TEAM = K9N3ERF77J;
				INFOPLIST_FILE = LayoutUIAppStoreUITests/Info.plist;
				LD_RUNPATH_SEARCH_PATHS = (
					"$(inherited)",
					"@executable_path/Frameworks",
					"@loader_path/Frameworks",
				);
				PRODUCT_BUNDLE_IDENTIFIER = "Ann-ja-works.LayoutUIAppStoreUITests";
				PRODUCT_NAME = "$(TARGET_NAME)";
				SWIFT_VERSION = 5.0;
				TARGETED_DEVICE_FAMILY = "1,2";
				TEST_TARGET_NAME = LayoutUIAppStore;
			};
			name = Release;
		};
/* End XCBuildConfiguration section */

/* Begin XCConfigurationList section */
		BBAA09A5235CA9DA00ED4DC9 /* Build configuration list for PBXProject "LayoutUIAppStore" */ = {
			isa = XCConfigurationList;
			buildConfigurations = (
				BBAA09D2235CA9DD00ED4DC9 /* Debug */,
				BBAA09D3235CA9DD00ED4DC9 /* Release */,
			);
			defaultConfigurationIsVisible = 0;
			defaultConfigurationName = Release;
		};
		BBAA09D4235CA9DD00ED4DC9 /* Build configuration list for PBXNativeTarget "LayoutUIAppStore" */ = {
			isa = XCConfigurationList;
			buildConfigurations = (
				BBAA09D5235CA9DD00ED4DC9 /* Debug */,
				BBAA09D6235CA9DD00ED4DC9 /* Release */,
			);
			defaultConfigurationIsVisible = 0;
			defaultConfigurationName = Release;
		};
		BBAA09D7235CA9DD00ED4DC9 /* Build configuration list for PBXNativeTarget "LayoutUIAppStoreTests" */ = {
			isa = XCConfigurationList;
			buildConfigurations = (
				BBAA09D8235CA9DD00ED4DC9 /* Debug */,
				BBAA09D9235CA9DD00ED4DC9 /* Release */,
			);
			defaultConfigurationIsVisible = 0;
			defaultConfigurationName = Release;
		};
		BBAA09DA235CA9DD00ED4DC9 /* Build configuration list for PBXNativeTarget "LayoutUIAppStoreUITests" */ = {
			isa = XCConfigurationList;
			buildConfigurations = (
				BBAA09DB235CA9DD00ED4DC9 /* Debug */,
				BBAA09DC235CA9DD00ED4DC9 /* Release */,
			);
			defaultConfigurationIsVisible = 0;
			defaultConfigurationName = Release;
		};
/* End XCConfigurationList section */
	};
	rootObject = BBAA09A2235CA9DA00ED4DC9 /* Project object */;
}
